// !$*UTF8*$!
{
	archiveVersion = 1;
	classes = {
	};
	objectVersion = 46;
	objects = {

/* Begin PBXBuildFile section */
		1446F92D1CCC3E2F00B05AFA /* AppDelegate.swift in Sources */ = {isa = PBXBuildFile; fileRef = 1446F92C1CCC3E2F00B05AFA /* AppDelegate.swift */; };
		1446F92F1CCC3E2F00B05AFA /* ViewController.swift in Sources */ = {isa = PBXBuildFile; fileRef = 1446F92E1CCC3E2F00B05AFA /* ViewController.swift */; };
		1446F9321CCC3E2F00B05AFA /* Main.storyboard in Resources */ = {isa = PBXBuildFile; fileRef = 1446F9301CCC3E2F00B05AFA /* Main.storyboard */; };
		1446F9341CCC3E2F00B05AFA /* Assets.xcassets in Resources */ = {isa = PBXBuildFile; fileRef = 1446F9331CCC3E2F00B05AFA /* Assets.xcassets */; };
		1446F9371CCC3E2F00B05AFA /* LaunchScreen.storyboard in Resources */ = {isa = PBXBuildFile; fileRef = 1446F9351CCC3E2F00B05AFA /* LaunchScreen.storyboard */; };
		1446F9421CCC3E2F00B05AFA /* Pitch_PerfectTests.swift in Sources */ = {isa = PBXBuildFile; fileRef = 1446F9411CCC3E2F00B05AFA /* Pitch_PerfectTests.swift */; };
		1446F94D1CCC3E2F00B05AFA /* Pitch_PerfectUITests.swift in Sources */ = {isa = PBXBuildFile; fileRef = 1446F94C1CCC3E2F00B05AFA /* Pitch_PerfectUITests.swift */; };
/* End PBXBuildFile section */

/* Begin PBXContainerItemProxy section */
		1446F93E1CCC3E2F00B05AFA /* PBXContainerItemProxy */ = {
			isa = PBXContainerItemProxy;
			containerPortal = 1446F9211CCC3E2F00B05AFA /* Project object */;
			proxyType = 1;
			remoteGlobalIDString = 1446F9281CCC3E2F00B05AFA;
			remoteInfo = "Pitch Perfect";
		};
		1446F9491CCC3E2F00B05AFA /* PBXContainerItemProxy */ = {
			isa = PBXContainerItemProxy;
			containerPortal = 1446F9211CCC3E2F00B05AFA /* Project object */;
			proxyType = 1;
			remoteGlobalIDString = 1446F9281CCC3E2F00B05AFA;
			remoteInfo = "Pitch Perfect";
		};
/* End PBXContainerItemProxy section */

/* Begin PBXFileReference section */
		1446F9291CCC3E2F00B05AFA /* Pitch Perfect.app */ = {isa = PBXFileReference; explicitFileType = wrapper.application; includeInIndex = 0; path = "Pitch Perfect.app"; sourceTree = BUILT_PRODUCTS_DIR; };
		1446F92C1CCC3E2F00B05AFA /* AppDelegate.swift */ = {isa = PBXFileReference; lastKnownFileType = sourcecode.swift; path = AppDelegate.swift; sourceTree = "<group>"; };
		1446F92E1CCC3E2F00B05AFA /* ViewController.swift */ = {isa = PBXFileReference; lastKnownFileType = sourcecode.swift; path = ViewController.swift; sourceTree = "<group>"; };
		1446F9311CCC3E2F00B05AFA /* Base */ = {isa = PBXFileReference; lastKnownFileType = file.storyboard; name = Base; path = Base.lproj/Main.storyboard; sourceTree = "<group>"; };
		1446F9331CCC3E2F00B05AFA /* Assets.xcassets */ = {isa = PBXFileReference; lastKnownFileType = folder.assetcatalog; path = Assets.xcassets; sourceTree = "<group>"; };
		1446F9361CCC3E2F00B05AFA /* Base */ = {isa = PBXFileReference; lastKnownFileType = file.storyboard; name = Base; path = Base.lproj/LaunchScreen.storyboard; sourceTree = "<group>"; };
		1446F9381CCC3E2F00B05AFA /* Info.plist */ = {isa = PBXFileReference; lastKnownFileType = text.plist.xml; path = Info.plist; sourceTree = "<group>"; };
		1446F93D1CCC3E2F00B05AFA /* Pitch PerfectTests.xctest */ = {isa = PBXFileReference; explicitFileType = wrapper.cfbundle; includeInIndex = 0; path = "Pitch PerfectTests.xctest"; sourceTree = BUILT_PRODUCTS_DIR; };
		1446F9411CCC3E2F00B05AFA /* Pitch_PerfectTests.swift */ = {isa = PBXFileReference; lastKnownFileType = sourcecode.swift; path = Pitch_PerfectTests.swift; sourceTree = "<group>"; };
		1446F9431CCC3E2F00B05AFA /* Info.plist */ = {isa = PBXFileReference; lastKnownFileType = text.plist.xml; path = Info.plist; sourceTree = "<group>"; };
		1446F9481CCC3E2F00B05AFA /* Pitch PerfectUITests.xctest */ = {isa = PBXFileReference; explicitFileType = wrapper.cfbundle; includeInIndex = 0; path = "Pitch PerfectUITests.xctest"; sourceTree = BUILT_PRODUCTS_DIR; };
		1446F94C1CCC3E2F00B05AFA /* Pitch_PerfectUITests.swift */ = {isa = PBXFileReference; lastKnownFileType = sourcecode.swift; path = Pitch_PerfectUITests.swift; sourceTree = "<group>"; };
		1446F94E1CCC3E3000B05AFA /* Info.plist */ = {isa = PBXFileReference; lastKnownFileType = text.plist.xml; path = Info.plist; sourceTree = "<group>"; };
/* End PBXFileReference section */

/* Begin PBXFrameworksBuildPhase section */
		1446F9261CCC3E2F00B05AFA /* Frameworks */ = {
			isa = PBXFrameworksBuildPhase;
			buildActionMask = 2147483647;
			files = (
			);
			runOnlyForDeploymentPostprocessing = 0;
		};
		1446F93A1CCC3E2F00B05AFA /* Frameworks */ = {
			isa = PBXFrameworksBuildPhase;
			buildActionMask = 2147483647;
			files = (
			);
			runOnlyForDeploymentPostprocessing = 0;
		};
		1446F9451CCC3E2F00B05AFA /* Frameworks */ = {
			isa = PBXFrameworksBuildPhase;
			buildActionMask = 2147483647;
			files = (
			);
			runOnlyForDeploymentPostprocessing = 0;
		};
/* End PBXFrameworksBuildPhase section */

/* Begin PBXGroup section */
		1446F9201CCC3E2F00B05AFA = {
			isa = PBXGroup;
			children = (
				1446F92B1CCC3E2F00B05AFA /* Pitch Perfect */,
				1446F9401CCC3E2F00B05AFA /* Pitch PerfectTests */,
				1446F94B1CCC3E2F00B05AFA /* Pitch PerfectUITests */,
				1446F92A1CCC3E2F00B05AFA /* Products */,
			);
			sourceTree = "<group>";
		};
		1446F92A1CCC3E2F00B05AFA /* Products */ = {
			isa = PBXGroup;
			children = (
				1446F9291CCC3E2F00B05AFA /* Pitch Perfect.app */,
				1446F93D1CCC3E2F00B05AFA /* Pitch PerfectTests.xctest */,
				1446F9481CCC3E2F00B05AFA /* Pitch PerfectUITests.xctest */,
			);
			name = Products;
			sourceTree = "<group>";
		};
		1446F92B1CCC3E2F00B05AFA /* Pitch Perfect */ = {
			isa = PBXGroup;
			children = (
				1446F92C1CCC3E2F00B05AFA /* AppDelegate.swift */,
				1446F92E1CCC3E2F00B05AFA /* ViewController.swift */,
				1446F9301CCC3E2F00B05AFA /* Main.storyboard */,
				1446F9331CCC3E2F00B05AFA /* Assets.xcassets */,
				1446F9351CCC3E2F00B05AFA /* LaunchScreen.storyboard */,
				1446F9381CCC3E2F00B05AFA /* Info.plist */,
			);
			path = "Pitch Perfect";
			sourceTree = "<group>";
		};
		1446F9401CCC3E2F00B05AFA /* Pitch PerfectTests */ = {
			isa = PBXGroup;
			children = (
				1446F9411CCC3E2F00B05AFA /* Pitch_PerfectTests.swift */,
				1446F9431CCC3E2F00B05AFA /* Info.plist */,
			);
			path = "Pitch PerfectTests";
			sourceTree = "<group>";
		};
		1446F94B1CCC3E2F00B05AFA /* Pitch PerfectUITests */ = {
			isa = PBXGroup;
			children = (
				1446F94C1CCC3E2F00B05AFA /* Pitch_PerfectUITests.swift */,
				1446F94E1CCC3E3000B05AFA /* Info.plist */,
			);
			path = "Pitch PerfectUITests";
			sourceTree = "<group>";
		};
/* End PBXGroup section */

/* Begin PBXNativeTarget section */
		1446F9281CCC3E2F00B05AFA /* Pitch Perfect */ = {
			isa = PBXNativeTarget;
			buildConfigurationList = 1446F9511CCC3E3000B05AFA /* Build configuration list for PBXNativeTarget "Pitch Perfect" */;
			buildPhases = (
				1446F9251CCC3E2F00B05AFA /* Sources */,
				1446F9261CCC3E2F00B05AFA /* Frameworks */,
				1446F9271CCC3E2F00B05AFA /* Resources */,
			);
			buildRules = (
			);
			dependencies = (
			);
			name = "Pitch Perfect";
			productName = "Pitch Perfect";
			productReference = 1446F9291CCC3E2F00B05AFA /* Pitch Perfect.app */;
			productType = "com.apple.product-type.application";
		};
		1446F93C1CCC3E2F00B05AFA /* Pitch PerfectTests */ = {
			isa = PBXNativeTarget;
			buildConfigurationList = 1446F9541CCC3E3000B05AFA /* Build configuration list for PBXNativeTarget "Pitch PerfectTests" */;
			buildPhases = (
				1446F9391CCC3E2F00B05AFA /* Sources */,
				1446F93A1CCC3E2F00B05AFA /* Frameworks */,
				1446F93B1CCC3E2F00B05AFA /* Resources */,
			);
			buildRules = (
			);
			dependencies = (
				1446F93F1CCC3E2F00B05AFA /* PBXTargetDependency */,
			);
			name = "Pitch PerfectTests";
			productName = "Pitch PerfectTests";
			productReference = 1446F93D1CCC3E2F00B05AFA /* Pitch PerfectTests.xctest */;
			productType = "com.apple.product-type.bundle.unit-test";
		};
		1446F9471CCC3E2F00B05AFA /* Pitch PerfectUITests */ = {
			isa = PBXNativeTarget;
			buildConfigurationList = 1446F9571CCC3E3000B05AFA /* Build configuration list for PBXNativeTarget "Pitch PerfectUITests" */;
			buildPhases = (
				1446F9441CCC3E2F00B05AFA /* Sources */,
				1446F9451CCC3E2F00B05AFA /* Frameworks */,
				1446F9461CCC3E2F00B05AFA /* Resources */,
			);
			buildRules = (
			);
			dependencies = (
				1446F94A1CCC3E2F00B05AFA /* PBXTargetDependency */,
			);
			name = "Pitch PerfectUITests";
			productName = "Pitch PerfectUITests";
			productReference = 1446F9481CCC3E2F00B05AFA /* Pitch PerfectUITests.xctest */;
			productType = "com.apple.product-type.bundle.ui-testing";
		};
/* End PBXNativeTarget section */

/* Begin PBXProject section */
		1446F9211CCC3E2F00B05AFA /* Project object */ = {
			isa = PBXProject;
			attributes = {
				LastSwiftUpdateCheck = 0720;
				LastUpgradeCheck = 0720;
				ORGANIZATIONNAME = "Qimin Yao";
				TargetAttributes = {
					1446F9281CCC3E2F00B05AFA = {
						CreatedOnToolsVersion = 7.2.1;
					};
					1446F93C1CCC3E2F00B05AFA = {
						CreatedOnToolsVersion = 7.2.1;
						TestTargetID = 1446F9281CCC3E2F00B05AFA;
					};
					1446F9471CCC3E2F00B05AFA = {
						CreatedOnToolsVersion = 7.2.1;
						TestTargetID = 1446F9281CCC3E2F00B05AFA;
					};
				};
			};
			buildConfigurationList = 1446F9241CCC3E2F00B05AFA /* Build configuration list for PBXProject "Pitch Perfect" */;
			compatibilityVersion = "Xcode 3.2";
			developmentRegion = English;
			hasScannedForEncodings = 0;
			knownRegions = (
				en,
				Base,
			);
			mainGroup = 1446F9201CCC3E2F00B05AFA;
			productRefGroup = 1446F92A1CCC3E2F00B05AFA /* Products */;
			projectDirPath = "";
			projectRoot = "";
			targets = (
				1446F9281CCC3E2F00B05AFA /* Pitch Perfect */,
				1446F93C1CCC3E2F00B05AFA /* Pitch PerfectTests */,
				1446F9471CCC3E2F00B05AFA /* Pitch PerfectUITests */,
			);
		};
/* End PBXProject section */

/* Begin PBXResourcesBuildPhase section */
		1446F9271CCC3E2F00B05AFA /* Resources */ = {
			isa = PBXResourcesBuildPhase;
			buildActionMask = 2147483647;
			files = (
				1446F9371CCC3E2F00B05AFA /* LaunchScreen.storyboard in Resources */,
				1446F9341CCC3E2F00B05AFA /* Assets.xcassets in Resources */,
				1446F9321CCC3E2F00B05AFA /* Main.storyboard in Resources */,
			);
			runOnlyForDeploymentPostprocessing = 0;
		};
		1446F93B1CCC3E2F00B05AFA /* Resources */ = {
			isa = PBXResourcesBuildPhase;
			buildActionMask = 2147483647;
			files = (
			);
			runOnlyForDeploymentPostprocessing = 0;
		};
		1446F9461CCC3E2F00B05AFA /* Resources */ = {
			isa = PBXResourcesBuildPhase;
			buildActionMask = 2147483647;
			files = (
			);
			runOnlyForDeploymentPostprocessing = 0;
		};
/* End PBXResourcesBuildPhase section */

/* Begin PBXSourcesBuildPhase section */
		1446F9251CCC3E2F00B05AFA /* Sources */ = {
			isa = PBXSourcesBuildPhase;
			buildActionMask = 2147483647;
			files = (
				1446F92F1CCC3E2F00B05AFA /* ViewController.swift in Sources */,
				1446F92D1CCC3E2F00B05AFA /* AppDelegate.swift in Sources */,
			);
			runOnlyForDeploymentPostprocessing = 0;
		};
		1446F9391CCC3E2F00B05AFA /* Sources */ = {
			isa = PBXSourcesBuildPhase;
			buildActionMask = 2147483647;
			files = (
				1446F9421CCC3E2F00B05AFA /* Pitch_PerfectTests.swift in Sources */,
			);
			runOnlyForDeploymentPostprocessing = 0;
		};
		1446F9441CCC3E2F00B05AFA /* Sources */ = {
			isa = PBXSourcesBuildPhase;
			buildActionMask = 2147483647;
			files = (
				1446F94D1CCC3E2F00B05AFA /* Pitch_PerfectUITests.swift in Sources */,
			);
			runOnlyForDeploymentPostprocessing = 0;
		};
/* End PBXSourcesBuildPhase section */

/* Begin PBXTargetDependency section */
		1446F93F1CCC3E2F00B05AFA /* PBXTargetDependency */ = {
			isa = PBXTargetDependency;
			target = 1446F9281CCC3E2F00B05AFA /* Pitch Perfect */;
			targetProxy = 1446F93E1CCC3E2F00B05AFA /* PBXContainerItemProxy */;
		};
		1446F94A1CCC3E2F00B05AFA /* PBXTargetDependency */ = {
			isa = PBXTargetDependency;
			target = 1446F9281CCC3E2F00B05AFA /* Pitch Perfect */;
			targetProxy = 1446F9491CCC3E2F00B05AFA /* PBXContainerItemProxy */;
		};
/* End PBXTargetDependency section */

/* Begin PBXVariantGroup section */
		1446F9301CCC3E2F00B05AFA /* Main.storyboard */ = {
			isa = PBXVariantGroup;
			children = (
				1446F9311CCC3E2F00B05AFA /* Base */,
			);
			name = Main.storyboard;
			sourceTree = "<group>";
		};
		1446F9351CCC3E2F00B05AFA /* LaunchScreen.storyboard */ = {
			isa = PBXVariantGroup;
			children = (
				1446F9361CCC3E2F00B05AFA /* Base */,
			);
			name = LaunchScreen.storyboard;
			sourceTree = "<group>";
		};
/* End PBXVariantGroup section */

/* Begin XCBuildConfiguration section */
		1446F94F1CCC3E3000B05AFA /* Debug */ = {
			isa = XCBuildConfiguration;
			buildSettings = {
				ALWAYS_SEARCH_USER_PATHS = NO;
				CLANG_CXX_LANGUAGE_STANDARD = "gnu++0x";
				CLANG_CXX_LIBRARY = "libc++";
				CLANG_ENABLE_MODULES = YES;
				CLANG_ENABLE_OBJC_ARC = YES;
				CLANG_WARN_BOOL_CONVERSION = YES;
				CLANG_WARN_CONSTANT_CONVERSION = YES;
				CLANG_WARN_DIRECT_OBJC_ISA_USAGE = YES_ERROR;
				CLANG_WARN_EMPTY_BODY = YES;
				CLANG_WARN_ENUM_CONVERSION = YES;
				CLANG_WARN_INT_CONVERSION = YES;
				CLANG_WARN_OBJC_ROOT_CLASS = YES_ERROR;
				CLANG_WARN_UNREACHABLE_CODE = YES;
				CLANG_WARN__DUPLICATE_METHOD_MATCH = YES;
				"CODE_SIGN_IDENTITY[sdk=iphoneos*]" = "iPhone Developer";
				COPY_PHASE_STRIP = NO;
				DEBUG_INFORMATION_FORMAT = dwarf;
				ENABLE_STRICT_OBJC_MSGSEND = YES;
				ENABLE_TESTABILITY = YES;
				GCC_C_LANGUAGE_STANDARD = gnu99;
				GCC_DYNAMIC_NO_PIC = NO;
				GCC_NO_COMMON_BLOCKS = YES;
				GCC_OPTIMIZATION_LEVEL = 0;
				GCC_PREPROCESSOR_DEFINITIONS = (
					"DEBUG=1",
					"$(inherited)",
				);
				GCC_WARN_64_TO_32_BIT_CONVERSION = YES;
				GCC_WARN_ABOUT_RETURN_TYPE = YES_ERROR;
				GCC_WARN_UNDECLARED_SELECTOR = YES;
				GCC_WARN_UNINITIALIZED_AUTOS = YES_AGGRESSIVE;
				GCC_WARN_UNUSED_FUNCTION = YES;
				GCC_WARN_UNUSED_VARIABLE = YES;
				IPHONEOS_DEPLOYMENT_TARGET = 9.2;
				MTL_ENABLE_DEBUG_INFO = YES;
				ONLY_ACTIVE_ARCH = YES;
				SDKROOT = iphoneos;
				SWIFT_OPTIMIZATION_LEVEL = "-Onone";
				TARGETED_DEVICE_FAMILY = "1,2";
			};
			name = Debug;
		};
		1446F9501CCC3E3000B05AFA /* Release */ = {
			isa = XCBuildConfiguration;
			buildSettings = {
				ALWAYS_SEARCH_USER_PATHS = NO;
				CLANG_CXX_LANGUAGE_STANDARD = "gnu++0x";
				CLANG_CXX_LIBRARY = "libc++";
				CLANG_ENABLE_MODULES = YES;
				CLANG_ENABLE_OBJC_ARC = YES;
				CLANG_WARN_BOOL_CONVERSION = YES;
				CLANG_WARN_CONSTANT_CONVERSION = YES;
				CLANG_WARN_DIRECT_OBJC_ISA_USAGE = YES_ERROR;
				CLANG_WARN_EMPTY_BODY = YES;
				CLANG_WARN_ENUM_CONVERSION = YES;
				CLANG_WARN_INT_CONVERSION = YES;
				CLANG_WARN_OBJC_ROOT_CLASS = YES_ERROR;
				CLANG_WARN_UNREACHABLE_CODE = YES;
				CLANG_WARN__DUPLICATE_METHOD_MATCH = YES;
				"CODE_SIGN_IDENTITY[sdk=iphoneos*]" = "iPhone Developer";
				COPY_PHASE_STRIP = NO;
				DEBUG_INFORMATION_FORMAT = "dwarf-with-dsym";
				ENABLE_NS_ASSERTIONS = NO;
				ENABLE_STRICT_OBJC_MSGSEND = YES;
				GCC_C_LANGUAGE_STANDARD = gnu99;
				GCC_NO_COMMON_BLOCKS = YES;
				GCC_WARN_64_TO_32_BIT_CONVERSION = YES;
				GCC_WARN_ABOUT_RETURN_TYPE = YES_ERROR;
				GCC_WARN_UNDECLARED_SELECTOR = YES;
				GCC_WARN_UNINITIALIZED_AUTOS = YES_AGGRESSIVE;
				GCC_WARN_UNUSED_FUNCTION = YES;
				GCC_WARN_UNUSED_VARIABLE = YES;
				IPHONEOS_DEPLOYMENT_TARGET = 9.2;
				MTL_ENABLE_DEBUG_INFO = NO;
				SDKROOT = iphoneos;
				TARGETED_DEVICE_FAMILY = "1,2";
				VALIDATE_PRODUCT = YES;
			};
			name = Release;
		};
		1446F9521CCC3E3000B05AFA /* Debug */ = {
			isa = XCBuildConfiguration;
			buildSettings = {
				ASSETCATALOG_COMPILER_APPICON_NAME = AppIcon;
				INFOPLIST_FILE = "Pitch Perfect/Info.plist";
				LD_RUNPATH_SEARCH_PATHS = "$(inherited) @executable_path/Frameworks";
				PRODUCT_BUNDLE_IDENTIFIER = "edu.clemson.qimin.Pitch-Perfect";
				PRODUCT_NAME = "$(TARGET_NAME)";
			};
			name = Debug;
		};
		1446F9531CCC3E3000B05AFA /* Release */ = {
			isa = XCBuildConfiguration;
			buildSettings = {
				ASSETCATALOG_COMPILER_APPICON_NAME = AppIcon;
				INFOPLIST_FILE = "Pitch Perfect/Info.plist";
				LD_RUNPATH_SEARCH_PATHS = "$(inherited) @executable_path/Frameworks";
				PRODUCT_BUNDLE_IDENTIFIER = "edu.clemson.qimin.Pitch-Perfect";
				PRODUCT_NAME = "$(TARGET_NAME)";
			};
			name = Release;
		};
		1446F9551CCC3E3000B05AFA /* Debug */ = {
			isa = XCBuildConfiguration;
			buildSettings = {
				BUNDLE_LOADER = "$(TEST_HOST)";
				INFOPLIST_FILE = "Pitch PerfectTests/Info.plist";
				LD_RUNPATH_SEARCH_PATHS = "$(inherited) @executable_path/Frameworks @loader_path/Frameworks";
				PRODUCT_BUNDLE_IDENTIFIER = "edu.clemson.qimin.Pitch-PerfectTests";
				PRODUCT_NAME = "$(TARGET_NAME)";
				TEST_HOST = "$(BUILT_PRODUCTS_DIR)/Pitch Perfect.app/Pitch Perfect";
			};
			name = Debug;
		};
		1446F9561CCC3E3000B05AFA /* Release */ = {
			isa = XCBuildConfiguration;
			buildSettings = {
				BUNDLE_LOADER = "$(TEST_HOST)";
				INFOPLIST_FILE = "Pitch PerfectTests/Info.plist";
				LD_RUNPATH_SEARCH_PATHS = "$(inherited) @executable_path/Frameworks @loader_path/Frameworks";
				PRODUCT_BUNDLE_IDENTIFIER = "edu.clemson.qimin.Pitch-PerfectTests";
				PRODUCT_NAME = "$(TARGET_NAME)";
				TEST_HOST = "$(BUILT_PRODUCTS_DIR)/Pitch Perfect.app/Pitch Perfect";
			};
			name = Release;
		};
		1446F9581CCC3E3000B05AFA /* Debug */ = {
			isa = XCBuildConfiguration;
			buildSettings = {
				INFOPLIST_FILE = "Pitch PerfectUITests/Info.plist";
				LD_RUNPATH_SEARCH_PATHS = "$(inherited) @executable_path/Frameworks @loader_path/Frameworks";
				PRODUCT_BUNDLE_IDENTIFIER = "edu.clemson.qimin.Pitch-PerfectUITests";
				PRODUCT_NAME = "$(TARGET_NAME)";
				TEST_TARGET_NAME = "Pitch Perfect";
				USES_XCTRUNNER = YES;
			};
			name = Debug;
		};
		1446F9591CCC3E3000B05AFA /* Release */ = {
			isa = XCBuildConfiguration;
			buildSettings = {
				INFOPLIST_FILE = "Pitch PerfectUITests/Info.plist";
				LD_RUNPATH_SEARCH_PATHS = "$(inherited) @executable_path/Frameworks @loader_path/Frameworks";
				PRODUCT_BUNDLE_IDENTIFIER = "edu.clemson.qimin.Pitch-PerfectUITests";
				PRODUCT_NAME = "$(TARGET_NAME)";
				TEST_TARGET_NAME = "Pitch Perfect";
				USES_XCTRUNNER = YES;
			};
			name = Release;
		};
/* End XCBuildConfiguration section */

/* Begin XCConfigurationList section */
		1446F9241CCC3E2F00B05AFA /* Build configuration list for PBXProject "Pitch Perfect" */ = {
			isa = XCConfigurationList;
			buildConfigurations = (
				1446F94F1CCC3E3000B05AFA /* Debug */,
				1446F9501CCC3E3000B05AFA /* Release */,
			);
			defaultConfigurationIsVisible = 0;
			defaultConfigurationName = Release;
		};
		1446F9511CCC3E3000B05AFA /* Build configuration list for PBXNativeTarget "Pitch Perfect" */ = {
			isa = XCConfigurationList;
			buildConfigurations = (
				1446F9521CCC3E3000B05AFA /* Debug */,
				1446F9531CCC3E3000B05AFA /* Release */,
			);
			defaultConfigurationIsVisible = 0;
		};
		1446F9541CCC3E3000B05AFA /* Build configuration list for PBXNativeTarget "Pitch PerfectTests" */ = {
			isa = XCConfigurationList;
			buildConfigurations = (
				1446F9551CCC3E3000B05AFA /* Debug */,
				1446F9561CCC3E3000B05AFA /* Release */,
			);
			defaultConfigurationIsVisible = 0;
		};
		1446F9571CCC3E3000B05AFA /* Build configuration list for PBXNativeTarget "Pitch PerfectUITests" */ = {
			isa = XCConfigurationList;
			buildConfigurations = (
				1446F9581CCC3E3000B05AFA /* Debug */,
				1446F9591CCC3E3000B05AFA /* Release */,
			);
			defaultConfigurationIsVisible = 0;
		};
/* End XCConfigurationList section */
	};
	rootObject = 1446F9211CCC3E2F00B05AFA /* Project object */;
}
